
Microsoft Visual Studio Solution File, Format Version 12.00
# Visual Studio 15
VisualStudioVersion = 15.0.27130.2036
MinimumVisualStudioVersion = 10.0.40219.1
Project("{9A19103F-16F7-4668-BE54-9A1E7A4F7556}") = "AzureFunctionsPGPEncrypt", "AzureFunctionsPGPEncrypt\AzureFunctionsPGPEncrypt.csproj", "{81969460-5F38-44F6-B137-6E5B29824C7A}"
EndProject
Project("{FAE04EC0-301F-11D3-BF4B-00C04F79EFBC}") = "PGPEncryptConsoleApp", "PGPEncryptConsoleApp\PGPEncryptConsoleApp.csproj", "{FB401D65-F0B6-4DB1-8EA4-C936F88F80B6}"
EndProject
Global
	GlobalSection(SolutionConfigurationPlatforms) = preSolution
		Debug|Any CPU = Debug|Any CPU
		Release|Any CPU = Release|Any CPU
	EndGlobalSection
	GlobalSection(ProjectConfigurationPlatforms) = postSolution
		{81969460-5F38-44F6-B137-6E5B29824C7A}.Debug|Any CPU.ActiveCfg = Debug|Any CPU
		{81969460-5F38-44F6-B137-6E5B29824C7A}.Debug|Any CPU.Build.0 = Debug|Any CPU
		{81969460-5F38-44F6-B137-6E5B29824C7A}.Release|Any CPU.ActiveCfg = Release|Any CPU
		{81969460-5F38-44F6-B137-6E5B29824C7A}.Release|Any CPU.Build.0 = Release|Any CPU
		{FB401D65-F0B6-4DB1-8EA4-C936F88F80B6}.Debug|Any CPU.ActiveCfg = Debug|Any CPU
		{FB401D65-F0B6-4DB1-8EA4-C936F88F80B6}.Debug|Any CPU.Build.0 = Debug|Any CPU
		{FB401D65-F0B6-4DB1-8EA4-C936F88F80B6}.Release|Any CPU.ActiveCfg = Release|Any CPU
		{FB401D65-F0B6-4DB1-8EA4-C936F88F80B6}.Release|Any CPU.Build.0 = Release|Any CPU
	EndGlobalSection
	GlobalSection(SolutionProperties) = preSolution
		HideSolutionNode = FALSE
	EndGlobalSection
	GlobalSection(ExtensibilityGlobals) = postSolution
		SolutionGuid = {482AE9A6-B505-4B2C-97CD-D2AFE544E7E8}
	EndGlobalSection
EndGlobal
